
Microsoft Visual Studio Solution File, Format Version 12.00
# Visual Studio Version 17
VisualStudioVersion = 17.9.34728.123
MinimumVisualStudioVersion = 10.0.40219.1
Project("{9A19103F-16F7-4668-BE54-9A1E7A4F7556}") = "ScrabbleGame", "ScrabbleGame\ScrabbleGame.csproj", "{6A293743-974E-4E52-84DF-302ED2846362}"
EndProject
Project("{9A19103F-16F7-4668-BE54-9A1E7A4F7556}") = "ScrabbleCore", "ScrabbleCore\ScrabbleCore.csproj", "{76E798B4-BE3B-40CF-A05F-37A2A1317D02}"
EndProject
Project("{9A19103F-16F7-4668-BE54-9A1E7A4F7556}") = "ScrabbleTesting", "ScrabbleTesting\ScrabbleTesting.csproj", "{1B25F7AF-0BB9-4CE4-9009-3DD122DFD419}"
EndProject
Project("{FAE04EC0-301F-11D3-BF4B-00C04F79EFBC}") = "ScrabbleCoreTests", "ScrabbleCoreTests\ScrabbleCoreTests.csproj", "{872D94DC-66C7-4EE0-B9D3-1071A423E2B2}"
EndProject
Global
	GlobalSection(SolutionConfigurationPlatforms) = preSolution
		Debug|Any CPU = Debug|Any CPU
		Debug|x64 = Debug|x64
		Debug|x86 = Debug|x86
		Release|Any CPU = Release|Any CPU
		Release|x64 = Release|x64
		Release|x86 = Release|x86
	EndGlobalSection
	GlobalSection(ProjectConfigurationPlatforms) = postSolution
		{6A293743-974E-4E52-84DF-302ED2846362}.Debug|Any CPU.ActiveCfg = Debug|Any CPU
		{6A293743-974E-4E52-84DF-302ED2846362}.Debug|Any CPU.Build.0 = Debug|Any CPU
		{6A293743-974E-4E52-84DF-302ED2846362}.Debug|x64.ActiveCfg = Debug|Any CPU
		{6A293743-974E-4E52-84DF-302ED2846362}.Debug|x64.Build.0 = Debug|Any CPU
		{6A293743-974E-4E52-84DF-302ED2846362}.Debug|x86.ActiveCfg = Debug|Any CPU
		{6A293743-974E-4E52-84DF-302ED2846362}.Debug|x86.Build.0 = Debug|Any CPU
		{6A293743-974E-4E52-84DF-302ED2846362}.Release|Any CPU.ActiveCfg = Release|Any CPU
		{6A293743-974E-4E52-84DF-302ED2846362}.Release|Any CPU.Build.0 = Release|Any CPU
		{6A293743-974E-4E52-84DF-302ED2846362}.Release|x64.ActiveCfg = Release|Any CPU
		{6A293743-974E-4E52-84DF-302ED2846362}.Release|x64.Build.0 = Release|Any CPU
		{6A293743-974E-4E52-84DF-302ED2846362}.Release|x86.ActiveCfg = Release|Any CPU
		{6A293743-974E-4E52-84DF-302ED2846362}.Release|x86.Build.0 = Release|Any CPU
		{76E798B4-BE3B-40CF-A05F-37A2A1317D02}.Debug|Any CPU.ActiveCfg = Debug|Any CPU
		{76E798B4-BE3B-40CF-A05F-37A2A1317D02}.Debug|Any CPU.Build.0 = Debug|Any CPU
		{76E798B4-BE3B-40CF-A05F-37A2A1317D02}.Debug|x64.ActiveCfg = Debug|Any CPU
		{76E798B4-BE3B-40CF-A05F-37A2A1317D02}.Debug|x64.Build.0 = Debug|Any CPU
		{76E798B4-BE3B-40CF-A05F-37A2A1317D02}.Debug|x86.ActiveCfg = Debug|Any CPU
		{76E798B4-BE3B-40CF-A05F-37A2A1317D02}.Debug|x86.Build.0 = Debug|Any CPU
		{76E798B4-BE3B-40CF-A05F-37A2A1317D02}.Release|Any CPU.ActiveCfg = Release|Any CPU
		{76E798B4-BE3B-40CF-A05F-37A2A1317D02}.Release|Any CPU.Build.0 = Release|Any CPU
		{76E798B4-BE3B-40CF-A05F-37A2A1317D02}.Release|x64.ActiveCfg = Release|Any CPU
		{76E798B4-BE3B-40CF-A05F-37A2A1317D02}.Release|x64.Build.0 = Release|Any CPU
		{76E798B4-BE3B-40CF-A05F-37A2A1317D02}.Release|x86.ActiveCfg = Release|Any CPU
		{76E798B4-BE3B-40CF-A05F-37A2A1317D02}.Release|x86.Build.0 = Release|Any CPU
		{1B25F7AF-0BB9-4CE4-9009-3DD122DFD419}.Debug|Any CPU.ActiveCfg = Debug|Any CPU
		{1B25F7AF-0BB9-4CE4-9009-3DD122DFD419}.Debug|Any CPU.Build.0 = Debug|Any CPU
		{1B25F7AF-0BB9-4CE4-9009-3DD122DFD419}.Debug|x64.ActiveCfg = Debug|Any CPU
		{1B25F7AF-0BB9-4CE4-9009-3DD122DFD419}.Debug|x64.Build.0 = Debug|Any CPU
		{1B25F7AF-0BB9-4CE4-9009-3DD122DFD419}.Debug|x86.ActiveCfg = Debug|Any CPU
		{1B25F7AF-0BB9-4CE4-9009-3DD122DFD419}.Debug|x86.Build.0 = Debug|Any CPU
		{1B25F7AF-0BB9-4CE4-9009-3DD122DFD419}.Release|Any CPU.ActiveCfg = Release|Any CPU
		{1B25F7AF-0BB9-4CE4-9009-3DD122DFD419}.Release|Any CPU.Build.0 = Release|Any CPU
		{1B25F7AF-0BB9-4CE4-9009-3DD122DFD419}.Release|x64.ActiveCfg = Release|Any CPU
		{1B25F7AF-0BB9-4CE4-9009-3DD122DFD419}.Release|x64.Build.0 = Release|Any CPU
		{1B25F7AF-0BB9-4CE4-9009-3DD122DFD419}.Release|x86.ActiveCfg = Release|Any CPU
		{1B25F7AF-0BB9-4CE4-9009-3DD122DFD419}.Release|x86.Build.0 = Release|Any CPU
		{872D94DC-66C7-4EE0-B9D3-1071A423E2B2}.Debug|Any CPU.ActiveCfg = Debug|Any CPU
		{872D94DC-66C7-4EE0-B9D3-1071A423E2B2}.Debug|Any CPU.Build.0 = Debug|Any CPU
		{872D94DC-66C7-4EE0-B9D3-1071A423E2B2}.Debug|x64.ActiveCfg = Debug|Any CPU
		{872D94DC-66C7-4EE0-B9D3-1071A423E2B2}.Debug|x64.Build.0 = Debug|Any CPU
		{872D94DC-66C7-4EE0-B9D3-1071A423E2B2}.Debug|x86.ActiveCfg = Debug|Any CPU
		{872D94DC-66C7-4EE0-B9D3-1071A423E2B2}.Debug|x86.Build.0 = Debug|Any CPU
		{872D94DC-66C7-4EE0-B9D3-1071A423E2B2}.Release|Any CPU.ActiveCfg = Release|Any CPU
		{872D94DC-66C7-4EE0-B9D3-1071A423E2B2}.Release|Any CPU.Build.0 = Release|Any CPU
		{872D94DC-66C7-4EE0-B9D3-1071A423E2B2}.Release|x64.ActiveCfg = Release|Any CPU
		{872D94DC-66C7-4EE0-B9D3-1071A423E2B2}.Release|x64.Build.0 = Release|Any CPU
		{872D94DC-66C7-4EE0-B9D3-1071A423E2B2}.Release|x86.ActiveCfg = Release|Any CPU
		{872D94DC-66C7-4EE0-B9D3-1071A423E2B2}.Release|x86.Build.0 = Release|Any CPU
	EndGlobalSection
	GlobalSection(SolutionProperties) = preSolution
		HideSolutionNode = FALSE
	EndGlobalSection
	GlobalSection(ExtensibilityGlobals) = postSolution
		SolutionGuid = {4338B491-6C1F-4ED2-8FB0-E0417C102794}
	EndGlobalSection
EndGlobal
